<?xml version="1.0" encoding="utf-8"?>
<Project ToolsVersion="4.0" xmlns="http://schemas.microsoft.com/developer/msbuild/2003">
  <ItemGroup>
    <Filter Include="Source Files">
      <UniqueIdentifier>{4FC737F1-C7A5-4376-A066-2A32D752A2FF}</UniqueIdentifier>
      <Extensions>cpp;c;cxx;def;odl;idl;hpj;bat;asm;asmx</Extensions>
    </Filter>
    <Filter Include="Header Files">
      <UniqueIdentifier>{93995380-89BD-4b04-88EB-625FBE52EBFB}</UniqueIdentifier>
      <Extensions>h;hpp;hxx;hm;inl;inc;xsd</Extensions>
    </Filter>
    <Filter Include="Resource Files">
      <UniqueIdentifier>{67DA6AB6-F800-4c08-8B7A-83BB121AAD01}</UniqueIdentifier>
      <Extensions>rc;ico;cur;bmp;dlg;rc2;rct;bin;rgs;gif;jpg;jpeg;jpe;resx</Extensions>
    </Filter>
  </ItemGroup>
  <ItemGroup>
    <ClCompile Include="CrossNull.cpp">
      <Filter>Source Files</Filter>
    </ClCompile>
    <ClCompile Include="CrossNullField.cpp">
      <Filter>Source Files</Filter>
    </ClCompile>
    <ClCompile Include="WndProc.cpp">
      <Filter>Source Files</Filter>
    </ClCompile>
  </ItemGroup>
  <ItemGroup>
    <ClInclude Include="CrossNull.h">
      <Filter>Header Files</Filter>
    </ClInclude>
    <ClInclude Include="CrossNullField.h">
      <Filter>Header Files</Filter>
    </ClInclude>
    <ClInclude Include="resource.h">
      <Filter>Header Files</Filter>
    </ClInclude>
  </ItemGroup>
  <ItemGroup>
    <None Include="res\back.bmp">
      <Filter>Resource Files</Filter>
    </None>
    <None Include="res\cross.bmp">
      <Filter>Resource Files</Filter>
    </None>
    <None Include="res\empty.bmp">
      <Filter>Resource Files</Filter>
    </None>
    <None Include="res\null.bmp">
      <Filter>Resource Files</Filter>
    </None>
    <None Include="res\Smile.ico">
      <Filter>Resource Files</Filter>
    </None>
    <None Include="res\zero.bmp">
      <Filter>Resource Files</Filter>
    </None>
    <None Include="res\eight.bmp">
      <Filter>Resource Files</Filter>
    </None>
    <None Include="res\five.bmp">
      <Filter>Resource Files</Filter>
    </None>
    <None Include="res\four.bmp">
      <Filter>Resource Files</Filter>
    </None>
    <None Include="res\nine.bmp">
      <Filter>Resource Files</Filter>
    </None>
    <None Include="res\one.bmp">
      <Filter>Resource Files</Filter>
    </None>
    <None Include="res\seven.bmp">
      <Filter>Resource Files</Filter>
    </None>
    <None Include="res\six.bmp">
      <Filter>Resource Files</Filter>
    </None>
    <None Include="res\three.bmp">
      <Filter>Resource Files</Filter>
    </None>
    <None Include="res\two.bmp">
      <Filter>Resource Files</Filter>
    </None>
    <None Include="res\eightc.bmp">
      <Filter>Resource Files</Filter>
    </None>
    <None Include="res\fivec.bmp">
      <Filter>Resource Files</Filter>
    </None>
    <None Include="res\fourc.bmp">
      <Filter>Resource Files</Filter>
    </None>
    <None Include="res\ninec.bmp">
      <Filter>Resource Files</Filter>
    </None>
    <None Include="res\onec.bmp">
      <Filter>Resource Files</Filter>
    </None>
    <None Include="res\sevenc.bmp">
      <Filter>Resource Files</Filter>
    </None>
    <None Include="res\sixc.bmp">
      <Filter>Resource Files</Filter>
    </None>
    <None Include="res\threec.bmp">
      <Filter>Resource Files</Filter>
    </None>
    <None Include="res\twoc.bmp">
      <Filter>Resource Files</Filter>
    </None>
    <None Include="res\zeroc.bmp">
      <Filter>Resource Files</Filter>
    </None>
  </ItemGroup>
  <ItemGroup>
    <ResourceCompile Include="crossnull.rc">
      <Filter>Resource Files</Filter>
    </ResourceCompile>
  </ItemGroup>
</Project>